{
  "name": "@icarus/component",
  "version": "1.0.0",
  "lockfileVersion": 2,
  "requires": true,
  "packages": {
    "": {
      "name": "@icarus/component",
      "version": "1.0.0",
      "license": "ISC",
      "dependencies": {
        "react": "^17.0.2",
        "react-dom": "^17.0.2",
        "react-icons": "^4.2.0",
        "react-transition-group": "^4.4.2",
        "styled-components": "^5.3.0"
      },
      "devDependencies": {
        "@huse/boolean": "^1.1.1",
        "@reskript/cli": "^1.6.2",
        "@reskript/cli-dev": "^1.6.2",
        "@reskript/cli-lint": "^1.6.2",
        "@reskript/config-lint": "^1.6.2",
        "@types/react": "^17.0.13",
        "@types/react-dom": "^17.0.8",
        "@types/styled-components": "^5.1.11",
        "eslint": "^7.30.0",
        "typescript": "^4.3.5"
      }
    },
    "../../node_modules/.pnpm/@huse+boolean@1.1.1_react@17.0.2/node_modules/@huse/boolean": {
      "version": "1.1.1",
      "integrity": "sha512-sJ3qlJuPu76AidwH1D7PE+aV1nFo0efqY1XuFijck/DslCS2Djk31L3CkBA8NPERK1jF7lCnfOOYHIB7Y6asVA==",
      "dev": true,
      "dependencies": {
        "@huse/methods": "^1.2.1"
      },
      "devDependencies": {
        "@reskript/cli": "^1.0.0-beta.21",
        "@reskript/cli-lint": "^1.0.0-beta.21",
        "@reskript/cli-test": "^1.0.0-beta.21",
        "@reskript/config-lint": "^1.0.0-beta.21",
        "@testing-library/react-hooks": "^3.7.0",
        "@types/react": "^17.0.0",
        "react": "^17.0.0",
        "react-test-renderer": "^17.0.0",
        "typescript": "^4.1.3"
      },
      "peerDependencies": {
        "react": ">=16.8.0"
      }
    },
    "../../node_modules/.pnpm/@huse+element-size@1.1.0_react@17.0.2/node_modules/@huse/element-size": {
      "version": "1.1.0",
      "integrity": "sha512-XnnHE67FehXgJ8WVBUYQ7cOgqDKFyWPjITAH2tCeJl4VPE97VtkGYhDG6KgI513D4xHBnu+aRlvHIFj3U4TchA==",
      "extraneous": true,
      "dependencies": {
        "@huse/effect-ref": "^1.1.0",
        "resize-detector": "^0.2.1"
      },
      "devDependencies": {
        "@reskript/cli": "^1.0.0-beta.21",
        "@reskript/cli-dev": "^1.0.0-beta.21",
        "@reskript/cli-lint": "^1.0.0-beta.21",
        "@reskript/config-lint": "^1.0.0-beta.21",
        "@types/react": "^17.0.0",
        "antd": "^4.9.4",
        "classnames": "^2.2.6",
        "react": "^17.0.0",
        "react-dom": "^17.0.0",
        "typescript": "^4.1.3",
        "webpack": "^5.11.0"
      },
      "peerDependencies": {
        "react": ">=16.8.0"
      }
    },
    "../../node_modules/.pnpm/@reskript+cli-dev@1.6.2_42288fa8c9366037b748b7ee5fac265c/node_modules/@reskript/cli-dev": {
      "version": "1.6.2",
      "integrity": "sha512-C5MF/mGWuidtrXz+bY+UXDkAgpC9/YkYiacCpjaLWHbS9rSAkkO6Uliywf/afrYf4FZ2gwFHKIKqTlC17A6S/g==",
      "dev": true,
      "dependencies": {
        "@reskript/config-webpack": "1.6.2",
        "@reskript/config-webpack-dev-server": "1.6.2",
        "@reskript/core": "1.6.2",
        "@reskript/settings": "1.6.2",
        "better-opn": "^3.0.0",
        "internal-ip": "^6.2.0",
        "lodash": "^4.17.21",
        "proxy-agent": "^4.0.1",
        "resolve": "^1.20.0",
        "webpack-dev-server": "^3.11.2",
        "webpack-merge": "^5.8.0"
      },
      "devDependencies": {
        "@types/lodash": "^4.14.170",
        "@types/webpack-dev-server": "3.11.2",
        "typescript": "^4.3.4",
        "webpack": "^5.38.1"
      },
      "peerDependencies": {
        "eslint": "7.x",
        "stylelint": "13.x",
        "typescript": "4.x",
        "webpack": "5.x"
      }
    },
    "../../node_modules/.pnpm/@reskript+cli-lint@1.6.2_74e66a59bc26f22f942f0e7e4ff704ad/node_modules/@reskript/cli-lint": {
      "version": "1.6.2",
      "integrity": "sha512-BcehyQ9OzvPOp20Bmsrs4WJuIfcZUNgx//TzrKVtgtanxdpYwnxz/sByPp4anztt0syQeA4aRmkXz/e0dOJXIQ==",
      "dev": true,
      "dependencies": {
        "@reskript/config-lint": "1.6.2",
        "@reskript/core": "1.6.2",
        "eslint": "^7.29.0",
        "eslint-formatter-pretty": "^4.1.0",
        "g-status": "^2.0.2",
        "globby": "^11.0.4",
        "lodash": "^4.17.21",
        "p-filter": "^2.1.0",
        "stylelint": "^13.13.1"
      },
      "devDependencies": {
        "@types/eslint": "^7.2.13",
        "@types/lodash": "^4.14.170",
        "typescript": "^4.3.4"
      }
    },
    "../../node_modules/.pnpm/@reskript+cli@1.6.2/node_modules/@reskript/cli": {
      "version": "1.6.2",
      "integrity": "sha512-BieerOiaHRAyrCYIU2TnXjHtNXABVd5huVZrCUxklOwQto4w32h+mSCcyXQCCqiyjnDhLcTmQLGinwFxQqGFFQ==",
      "dev": true,
      "dependencies": {
        "@reskript/core": "1.6.2",
        "commander": "^7.2.0",
        "semver": "^7.3.5"
      },
      "bin": {
        "skr": "dist/index.js"
      },
      "devDependencies": {
        "@types/semver": "^7.3.6",
        "eslint": "^7.29.0",
        "typescript": "^4.3.4"
      },
      "engines": {
        "node": ">=14.13.1"
      }
    },
    "../../node_modules/.pnpm/@reskript+config-lint@1.6.2_42288fa8c9366037b748b7ee5fac265c/node_modules/@reskript/config-lint": {
      "version": "1.6.2",
      "integrity": "sha512-kI5OhxqRFlyKbO+uJv+qatFehWCr4ufRV/DITY8VfHmevM+dvRLlUM/oRbRVNiVc/nnKmI9J2BJ46iX3Bqe4GQ==",
      "dev": true,
      "dependencies": {
        "@babel/eslint-parser": "^7.14.7",
        "@babel/eslint-plugin": "^7.13.16",
        "@ecomfe/eslint-config": "^7.1.0",
        "@ecomfe/stylelint-config": "^1.1.1",
        "@reskript/config-babel": "1.6.2",
        "@reskript/eslint-plugin": "1.6.2",
        "@rushstack/eslint-patch": "^1.0.6",
        "@typescript-eslint/eslint-plugin": "^4.28.0",
        "@typescript-eslint/parser": "^4.28.0",
        "eslint-plugin-babel": "^5.3.1",
        "eslint-plugin-jest": "^24.3.6",
        "eslint-plugin-react": "^7.24.0",
        "eslint-plugin-react-hooks": "^4.2.0",
        "eslint-plugin-reskript": "^0.1.2",
        "resolve": "^1.20.0"
      },
      "devDependencies": {
        "prettier": "^2.3.1",
        "typescript": "^4.3.4"
      },
      "peerDependencies": {
        "eslint": "7.x",
        "stylelint": "13.x",
        "typescript": "4.x"
      }
    },
    "../../node_modules/.pnpm/@types+react-dom@17.0.8/node_modules/@types/react-dom": {
      "version": "17.0.8",
      "integrity": "sha512-0ohAiJAx1DAUEcY9UopnfwCE9sSMDGnY/oXjWMax6g3RpzmTt2GMyMVAXcbn0mo8XAff0SbQJl2/SBU+hjSZ1A==",
      "dev": true,
      "dependencies": {
        "@types/react": "*"
      }
    },
    "../../node_modules/.pnpm/@types+react@17.0.13/node_modules/@types/react": {
      "version": "17.0.13",
      "integrity": "sha512-D/G3PiuqTfE3IMNjLn/DCp6umjVCSvtZTPdtAFy5+Ved6CsdRvivfKeCzw79W4AatShtU4nGqgvOv5Gro534vQ==",
      "dev": true,
      "dependencies": {
        "@types/prop-types": "*",
        "@types/scheduler": "*",
        "csstype": "^3.0.2"
      }
    },
    "../../node_modules/.pnpm/@types+styled-components@5.1.11/node_modules/@types/styled-components": {
      "version": "5.1.11",
      "integrity": "sha512-u8g3bSw9KUiZY+S++gh+LlURGraqBe3MC5I5dygrNjGDHWWQfsmZZRTJ9K9oHU2CqWtxChWmJkDI/gp+TZPQMw==",
      "dev": true,
      "dependencies": {
        "@types/hoist-non-react-statics": "*",
        "@types/react": "*",
        "csstype": "^3.0.2"
      }
    },
    "../../node_modules/.pnpm/eslint@7.30.0/node_modules/eslint": {
      "version": "7.30.0",
      "integrity": "sha512-VLqz80i3as3NdloY44BQSJpFw534L9Oh+6zJOUaViV4JPd+DaHwutqP7tcpkW3YiXbK6s05RZl7yl7cQn+lijg==",
      "dev": true,
      "dependencies": {
        "@babel/code-frame": "7.12.11",
        "@eslint/eslintrc": "^0.4.2",
        "@humanwhocodes/config-array": "^0.5.0",
        "ajv": "^6.10.0",
        "chalk": "^4.0.0",
        "cross-spawn": "^7.0.2",
        "debug": "^4.0.1",
        "doctrine": "^3.0.0",
        "enquirer": "^2.3.5",
        "escape-string-regexp": "^4.0.0",
        "eslint-scope": "^5.1.1",
        "eslint-utils": "^2.1.0",
        "eslint-visitor-keys": "^2.0.0",
        "espree": "^7.3.1",
        "esquery": "^1.4.0",
        "esutils": "^2.0.2",
        "fast-deep-equal": "^3.1.3",
        "file-entry-cache": "^6.0.1",
        "functional-red-black-tree": "^1.0.1",
        "glob-parent": "^5.1.2",
        "globals": "^13.6.0",
        "ignore": "^4.0.6",
        "import-fresh": "^3.0.0",
        "imurmurhash": "^0.1.4",
        "is-glob": "^4.0.0",
        "js-yaml": "^3.13.1",
        "json-stable-stringify-without-jsonify": "^1.0.1",
        "levn": "^0.4.1",
        "lodash.merge": "^4.6.2",
        "minimatch": "^3.0.4",
        "natural-compare": "^1.4.0",
        "optionator": "^0.9.1",
        "progress": "^2.0.0",
        "regexpp": "^3.1.0",
        "semver": "^7.2.1",
        "strip-ansi": "^6.0.0",
        "strip-json-comments": "^3.1.0",
        "table": "^6.0.9",
        "text-table": "^0.2.0",
        "v8-compile-cache": "^2.0.3"
      },
      "bin": {
        "eslint": "bin/eslint.js"
      },
      "devDependencies": {
        "@babel/core": "^7.4.3",
        "@babel/preset-env": "^7.4.3",
        "babel-loader": "^8.0.5",
        "chai": "^4.0.1",
        "cheerio": "^0.22.0",
        "common-tags": "^1.8.0",
        "core-js": "^3.1.3",
        "dateformat": "^3.0.3",
        "ejs": "^3.0.2",
        "eslint": "file:.",
        "eslint-config-eslint": "file:packages/eslint-config-eslint",
        "eslint-plugin-eslint-plugin": "^3.2.0",
        "eslint-plugin-internal-rules": "file:tools/internal-rules",
        "eslint-plugin-jsdoc": "^25.4.3",
        "eslint-plugin-node": "^11.1.0",
        "eslint-release": "^2.0.0",
        "eslump": "^3.0.0",
        "esprima": "^4.0.1",
        "fs-teardown": "^0.1.0",
        "glob": "^7.1.6",
        "jsdoc": "^3.5.5",
        "karma": "^6.1.1",
        "karma-chrome-launcher": "^3.1.0",
        "karma-mocha": "^2.0.1",
        "karma-mocha-reporter": "^2.2.5",
        "karma-webpack": "^5.0.0",
        "lint-staged": "^10.1.2",
        "load-perf": "^0.2.0",
        "markdownlint": "^0.19.0",
        "markdownlint-cli": "^0.22.0",
        "memfs": "^3.0.1",
        "mocha": "^8.3.2",
        "mocha-junit-reporter": "^2.0.0",
        "node-polyfill-webpack-plugin": "^1.0.3",
        "npm-license": "^0.3.3",
        "nyc": "^15.0.1",
        "proxyquire": "^2.0.1",
        "puppeteer": "^7.1.0",
        "recast": "^0.19.0",
        "regenerator-runtime": "^0.13.2",
        "shelljs": "^0.8.2",
        "sinon": "^9.0.1",
        "temp": "^0.9.0",
        "webpack": "^5.23.0",
        "webpack-cli": "^4.5.0",
        "yorkie": "^2.0.0"
      },
      "engines": {
        "node": "^10.12.0 || >=12.0.0"
      },
      "funding": {
        "url": "https://opencollective.com/eslint"
      }
    },
    "../../node_modules/.pnpm/react-dom@17.0.2_react@17.0.2/node_modules/react-dom": {
      "version": "17.0.2",
      "integrity": "sha512-s4h96KtLDUQlsENhMn1ar8t2bEa+q/YAtj8pPPdIjPDGBDIVNsrD9aXNWqspUe6AzKCIG0C1HZZLqLV7qpOBGA==",
      "dependencies": {
        "loose-envify": "^1.1.0",
        "object-assign": "^4.1.1",
        "scheduler": "^0.20.2"
      },
      "peerDependencies": {
        "react": "17.0.2"
      }
    },
    "../../node_modules/.pnpm/react-icons@4.2.0_react@17.0.2/node_modules/react-icons": {
      "version": "4.2.0",
      "integrity": "sha512-rmzEDFt+AVXRzD7zDE21gcxyBizD/3NqjbX6cmViAgdqfJ2UiLer8927/QhhrXQV7dEj/1EGuOTPp7JnLYVJKQ==",
      "peerDependencies": {
        "react": "*"
      }
    },
    "../../node_modules/.pnpm/react-transition-group@4.4.2_react-dom@17.0.2+react@17.0.2/node_modules/react-transition-group": {
      "version": "4.4.2",
      "integrity": "sha512-/RNYfRAMlZwDSr6z4zNKV6xu53/e2BuaBbGhbyYIXTrmgu/bGHzmqOs7mJSJBHy9Ud+ApHx3QjrkKSp1pxvlFg==",
      "dependencies": {
        "@babel/runtime": "^7.5.5",
        "dom-helpers": "^5.0.1",
        "loose-envify": "^1.4.0",
        "prop-types": "^15.6.2"
      },
      "peerDependencies": {
        "react": ">=16.6.0",
        "react-dom": ">=16.6.0"
      }
    },
    "../../node_modules/.pnpm/react@17.0.2/node_modules/react": {
      "version": "17.0.2",
      "integrity": "sha512-gnhPt75i/dq/z3/6q/0asP78D0u592D5L1pd7M8P+dck6Fu/jJeL6iVVK23fptSUZj8Vjf++7wXA8UNclGQcbA==",
      "dependencies": {
        "loose-envify": "^1.1.0",
        "object-assign": "^4.1.1"
      },
      "engines": {
        "node": ">=0.10.0"
      }
    },
    "../../node_modules/.pnpm/styled-components@5.3.0_react-dom@17.0.2+react@17.0.2/node_modules/styled-components": {
      "version": "5.3.0",
      "integrity": "sha512-bPJKwZCHjJPf/hwTJl6TbkSZg/3evha+XPEizrZUGb535jLImwDUdjTNxXqjjaASt2M4qO4AVfoHJNe3XB/tpQ==",
      "dependencies": {
        "@babel/helper-module-imports": "^7.0.0",
        "@babel/traverse": "^7.4.5",
        "@emotion/is-prop-valid": "^0.8.8",
        "@emotion/stylis": "^0.8.4",
        "@emotion/unitless": "^0.7.4",
        "babel-plugin-styled-components": ">= 1.12.0",
        "css-to-react-native": "^3.0.0",
        "hoist-non-react-statics": "^3.0.0",
        "shallowequal": "^1.1.0",
        "supports-color": "^5.5.0"
      },
      "devDependencies": {
        "@babel/cli": "^7.0.0",
        "@babel/core": "^7.0.0",
        "@babel/plugin-proposal-object-rest-spread": "^7.0.0",
        "@babel/preset-env": "^7.0.0",
        "@babel/preset-flow": "^7.0.0",
        "@babel/preset-react": "^7.0.0",
        "babel-eslint": "^10.0.1",
        "eslint-plugin-flowtype": "^5.2.0",
        "eslint-plugin-import": "^2.22.0",
        "eslint-plugin-react": "^7.20.6",
        "flow-bin": "^0.132.0",
        "jest-serializer-html": "^7.0.0",
        "js-beautify": "^1.13.0",
        "prop-types": "^15.7.2",
        "react": "^16.8.6",
        "react-dom": "^16.8.6",
        "react-frame-component": "^4.0.2",
        "react-is": "^16.8.6",
        "react-native": "^0.63.4",
        "react-primitives": "^0.8.0",
        "react-test-renderer": "^16.8.6",
        "rollup": "^1.13.1",
        "rollup-plugin-babel": "^4.3.2",
        "rollup-plugin-terser": "^5.0.0",
        "stylis-plugin-rtl": "^1.0.0"
      },
      "engines": {
        "node": ">=10"
      },
      "funding": {
        "type": "opencollective",
        "url": "https://opencollective.com/styled-components"
      },
      "peerDependencies": {
        "react": ">= 16.8.0",
        "react-dom": ">= 16.8.0",
        "react-is": ">= 16.8.0"
      }
    },
    "../../node_modules/.pnpm/typescript@4.3.5/node_modules/typescript": {
      "version": "4.3.5",
      "integrity": "sha512-DqQgihaQ9cUrskJo9kIyW/+g0Vxsk8cDtZ52a3NGh0YNTfpUSArXSohyUGnvbPazEPLu398C0UxmKSOrPumUzA==",
      "dev": true,
      "bin": {
        "tsc": "bin/tsc",
        "tsserver": "bin/tsserver"
      },
      "devDependencies": {
        "@octokit/rest": "latest",
        "@types/browserify": "latest",
        "@types/chai": "latest",
        "@types/convert-source-map": "latest",
        "@types/glob": "latest",
        "@types/gulp": "^4.0.5",
        "@types/gulp-concat": "latest",
        "@types/gulp-newer": "latest",
        "@types/gulp-rename": "0.0.33",
        "@types/gulp-sourcemaps": "0.0.32",
        "@types/jake": "latest",
        "@types/merge2": "latest",
        "@types/microsoft__typescript-etw": "latest",
        "@types/minimatch": "latest",
        "@types/minimist": "latest",
        "@types/mkdirp": "latest",
        "@types/mocha": "latest",
        "@types/ms": "latest",
        "@types/node": "latest",
        "@types/node-fetch": "^2.3.4",
        "@types/q": "latest",
        "@types/source-map-support": "latest",
        "@types/through2": "latest",
        "@types/xml2js": "^0.4.0",
        "@typescript-eslint/eslint-plugin": "^4.19.0",
        "@typescript-eslint/experimental-utils": "^4.19.0",
        "@typescript-eslint/parser": "^4.19.0",
        "async": "latest",
        "azure-devops-node-api": "^10.1.0",
        "browser-resolve": "^1.11.2",
        "browserify": "latest",
        "chai": "latest",
        "chalk": "latest",
        "convert-source-map": "latest",
        "del": "5.1.0",
        "diff": "^4.0.2",
        "eslint": "7.12.1",
        "eslint-formatter-autolinkable-stylish": "1.1.4",
        "eslint-plugin-import": "2.22.1",
        "eslint-plugin-jsdoc": "30.7.6",
        "eslint-plugin-no-null": "1.0.2",
        "fancy-log": "latest",
        "fs-extra": "^9.0.0",
        "glob": "latest",
        "gulp": "^4.0.0",
        "gulp-concat": "latest",
        "gulp-insert": "latest",
        "gulp-newer": "latest",
        "gulp-rename": "latest",
        "gulp-sourcemaps": "latest",
        "istanbul": "latest",
        "merge2": "latest",
        "minimist": "latest",
        "mkdirp": "latest",
        "mocha": "latest",
        "mocha-fivemat-progress-reporter": "latest",
        "ms": "latest",
        "node-fetch": "^2.6.0",
        "plugin-error": "latest",
        "pretty-hrtime": "^1.0.3",
        "prex": "^0.4.3",
        "q": "latest",
        "remove-internal": "^2.9.2",
        "source-map-support": "latest",
        "through2": "latest",
        "typescript": "^4.2.3",
        "vinyl": "latest",
        "vinyl-sourcemaps-apply": "latest",
        "xml2js": "^0.4.19"
      },
      "engines": {
        "node": ">=4.2.0"
      }
    },
    "node_modules/@huse/boolean": {
      "resolved": "../../node_modules/.pnpm/@huse+boolean@1.1.1_react@17.0.2/node_modules/@huse/boolean",
      "link": true
    },
    "node_modules/@reskript/cli": {
      "resolved": "../../node_modules/.pnpm/@reskript+cli@1.6.2/node_modules/@reskript/cli",
      "link": true
    },
    "node_modules/@reskript/cli-dev": {
      "resolved": "../../node_modules/.pnpm/@reskript+cli-dev@1.6.2_42288fa8c9366037b748b7ee5fac265c/node_modules/@reskript/cli-dev",
      "link": true
    },
    "node_modules/@reskript/cli-lint": {
      "resolved": "../../node_modules/.pnpm/@reskript+cli-lint@1.6.2_74e66a59bc26f22f942f0e7e4ff704ad/node_modules/@reskript/cli-lint",
      "link": true
    },
    "node_modules/@reskript/config-lint": {
      "resolved": "../../node_modules/.pnpm/@reskript+config-lint@1.6.2_42288fa8c9366037b748b7ee5fac265c/node_modules/@reskript/config-lint",
      "link": true
    },
    "node_modules/@types/react": {
      "resolved": "../../node_modules/.pnpm/@types+react@17.0.13/node_modules/@types/react",
      "link": true
    },
    "node_modules/@types/react-dom": {
      "resolved": "../../node_modules/.pnpm/@types+react-dom@17.0.8/node_modules/@types/react-dom",
      "link": true
    },
    "node_modules/@types/styled-components": {
      "resolved": "../../node_modules/.pnpm/@types+styled-components@5.1.11/node_modules/@types/styled-components",
      "link": true
    },
    "node_modules/eslint": {
      "resolved": "../../node_modules/.pnpm/eslint@7.30.0/node_modules/eslint",
      "link": true
    },
    "node_modules/react": {
      "resolved": "../../node_modules/.pnpm/react@17.0.2/node_modules/react",
      "link": true
    },
    "node_modules/react-dom": {
      "resolved": "../../node_modules/.pnpm/react-dom@17.0.2_react@17.0.2/node_modules/react-dom",
      "link": true
    },
    "node_modules/react-icons": {
      "resolved": "../../node_modules/.pnpm/react-icons@4.2.0_react@17.0.2/node_modules/react-icons",
      "link": true
    },
    "node_modules/react-transition-group": {
      "resolved": "../../node_modules/.pnpm/react-transition-group@4.4.2_react-dom@17.0.2+react@17.0.2/node_modules/react-transition-group",
      "link": true
    },
    "node_modules/styled-components": {
      "resolved": "../../node_modules/.pnpm/styled-components@5.3.0_react-dom@17.0.2+react@17.0.2/node_modules/styled-components",
      "link": true
    },
    "node_modules/typescript": {
      "resolved": "../../node_modules/.pnpm/typescript@4.3.5/node_modules/typescript",
      "link": true
    }
  },
  "dependencies": {
    "@huse/boolean": {
      "version": "file:../../node_modules/.pnpm/@huse+boolean@1.1.1_react@17.0.2/node_modules/@huse/boolean",
      "requires": {
        "@huse/methods": "^1.2.1",
        "@reskript/cli": "^1.0.0-beta.21",
        "@reskript/cli-lint": "^1.0.0-beta.21",
        "@reskript/cli-test": "^1.0.0-beta.21",
        "@reskript/config-lint": "^1.0.0-beta.21",
        "@testing-library/react-hooks": "^3.7.0",
        "@types/react": "^17.0.0",
        "react": "^17.0.0",
        "react-test-renderer": "^17.0.0",
        "typescript": "^4.1.3"
      }
    },
    "@reskript/cli": {
      "version": "file:../../node_modules/.pnpm/@reskript+cli@1.6.2/node_modules/@reskript/cli",
      "requires": {
        "@reskript/core": "1.6.2",
        "@types/semver": "^7.3.6",
        "commander": "^7.2.0",
        "eslint": "^7.29.0",
        "semver": "^7.3.5",
        "typescript": "^4.3.4"
      }
    },
    "@reskript/cli-dev": {
      "version": "file:../../node_modules/.pnpm/@reskript+cli-dev@1.6.2_42288fa8c9366037b748b7ee5fac265c/node_modules/@reskript/cli-dev",
      "requires": {
        "@reskript/config-webpack": "1.6.2",
        "@reskript/config-webpack-dev-server": "1.6.2",
        "@reskript/core": "1.6.2",
        "@reskript/settings": "1.6.2",
        "@types/lodash": "^4.14.170",
        "@types/webpack-dev-server": "3.11.2",
        "better-opn": "^3.0.0",
        "internal-ip": "^6.2.0",
        "lodash": "^4.17.21",
        "proxy-agent": "^4.0.1",
        "resolve": "^1.20.0",
        "typescript": "^4.3.4",
        "webpack": "^5.38.1",
        "webpack-dev-server": "^3.11.2",
        "webpack-merge": "^5.8.0"
      }
    },
    "@reskript/cli-lint": {
      "version": "file:../../node_modules/.pnpm/@reskript+cli-lint@1.6.2_74e66a59bc26f22f942f0e7e4ff704ad/node_modules/@reskript/cli-lint",
      "requires": {
        "@reskript/config-lint": "1.6.2",
        "@reskript/core": "1.6.2",
        "@types/eslint": "^7.2.13",
        "@types/lodash": "^4.14.170",
        "eslint": "^7.29.0",
        "eslint-formatter-pretty": "^4.1.0",
        "g-status": "^2.0.2",
        "globby": "^11.0.4",
        "lodash": "^4.17.21",
        "p-filter": "^2.1.0",
        "stylelint": "^13.13.1",
        "typescript": "^4.3.4"
      }
    },
    "@reskript/config-lint": {
      "version": "file:../../node_modules/.pnpm/@reskript+config-lint@1.6.2_42288fa8c9366037b748b7ee5fac265c/node_modules/@reskript/config-lint",
      "requires": {
        "@babel/eslint-parser": "^7.14.7",
        "@babel/eslint-plugin": "^7.13.16",
        "@ecomfe/eslint-config": "^7.1.0",
        "@ecomfe/stylelint-config": "^1.1.1",
        "@reskript/config-babel": "1.6.2",
        "@reskript/eslint-plugin": "1.6.2",
        "@rushstack/eslint-patch": "^1.0.6",
        "@typescript-eslint/eslint-plugin": "^4.28.0",
        "@typescript-eslint/parser": "^4.28.0",
        "eslint-plugin-babel": "^5.3.1",
        "eslint-plugin-jest": "^24.3.6",
        "eslint-plugin-react": "^7.24.0",
        "eslint-plugin-react-hooks": "^4.2.0",
        "eslint-plugin-reskript": "^0.1.2",
        "prettier": "^2.3.1",
        "resolve": "^1.20.0",
        "typescript": "^4.3.4"
      }
    },
    "@types/react": {
      "version": "file:../../node_modules/.pnpm/@types+react@17.0.13/node_modules/@types/react",
      "requires": {
        "@types/prop-types": "*",
        "@types/scheduler": "*",
        "csstype": "^3.0.2"
      }
    },
    "@types/react-dom": {
      "version": "file:../../node_modules/.pnpm/@types+react-dom@17.0.8/node_modules/@types/react-dom",
      "requires": {
        "@types/react": "*"
      }
    },
    "@types/styled-components": {
      "version": "file:../../node_modules/.pnpm/@types+styled-components@5.1.11/node_modules/@types/styled-components",
      "requires": {
        "@types/hoist-non-react-statics": "*",
        "@types/react": "*",
        "csstype": "^3.0.2"
      }
    },
    "eslint": {
      "version": "file:../../node_modules/.pnpm/eslint@7.30.0/node_modules/eslint",
      "requires": {
        "@babel/code-frame": "7.12.11",
        "@babel/core": "^7.4.3",
        "@babel/preset-env": "^7.4.3",
        "@eslint/eslintrc": "^0.4.2",
        "@humanwhocodes/config-array": "^0.5.0",
        "ajv": "^6.10.0",
        "babel-loader": "^8.0.5",
        "chai": "^4.0.1",
        "chalk": "^4.0.0",
        "cheerio": "^0.22.0",
        "common-tags": "^1.8.0",
        "core-js": "^3.1.3",
        "cross-spawn": "^7.0.2",
        "dateformat": "^3.0.3",
        "debug": "^4.0.1",
        "doctrine": "^3.0.0",
        "ejs": "^3.0.2",
        "enquirer": "^2.3.5",
        "escape-string-regexp": "^4.0.0",
        "eslint": "file:",
        "eslint-config-eslint": "file:packages/eslint-config-eslint",
        "eslint-plugin-eslint-plugin": "^3.2.0",
        "eslint-plugin-internal-rules": "file:tools/internal-rules",
        "eslint-plugin-jsdoc": "^25.4.3",
        "eslint-plugin-node": "^11.1.0",
        "eslint-release": "^2.0.0",
        "eslint-scope": "^5.1.1",
        "eslint-utils": "^2.1.0",
        "eslint-visitor-keys": "^2.0.0",
        "eslump": "^3.0.0",
        "espree": "^7.3.1",
        "esprima": "^4.0.1",
        "esquery": "^1.4.0",
        "esutils": "^2.0.2",
        "fast-deep-equal": "^3.1.3",
        "file-entry-cache": "^6.0.1",
        "fs-teardown": "^0.1.0",
        "functional-red-black-tree": "^1.0.1",
        "glob": "^7.1.6",
        "glob-parent": "^5.1.2",
        "globals": "^13.6.0",
        "ignore": "^4.0.6",
        "import-fresh": "^3.0.0",
        "imurmurhash": "^0.1.4",
        "is-glob": "^4.0.0",
        "js-yaml": "^3.13.1",
        "jsdoc": "^3.5.5",
        "json-stable-stringify-without-jsonify": "^1.0.1",
        "karma": "^6.1.1",
        "karma-chrome-launcher": "^3.1.0",
        "karma-mocha": "^2.0.1",
        "karma-mocha-reporter": "^2.2.5",
        "karma-webpack": "^5.0.0",
        "levn": "^0.4.1",
        "lint-staged": "^10.1.2",
        "load-perf": "^0.2.0",
        "lodash.merge": "^4.6.2",
        "markdownlint": "^0.19.0",
        "markdownlint-cli": "^0.22.0",
        "memfs": "^3.0.1",
        "minimatch": "^3.0.4",
        "mocha": "^8.3.2",
        "mocha-junit-reporter": "^2.0.0",
        "natural-compare": "^1.4.0",
        "node-polyfill-webpack-plugin": "^1.0.3",
        "npm-license": "^0.3.3",
        "nyc": "^15.0.1",
        "optionator": "^0.9.1",
        "progress": "^2.0.0",
        "proxyquire": "^2.0.1",
        "puppeteer": "^7.1.0",
        "recast": "^0.19.0",
        "regenerator-runtime": "^0.13.2",
        "regexpp": "^3.1.0",
        "semver": "^7.2.1",
        "shelljs": "^0.8.2",
        "sinon": "^9.0.1",
        "strip-ansi": "^6.0.0",
        "strip-json-comments": "^3.1.0",
        "table": "^6.0.9",
        "temp": "^0.9.0",
        "text-table": "^0.2.0",
        "v8-compile-cache": "^2.0.3",
        "webpack": "^5.23.0",
        "webpack-cli": "^4.5.0",
        "yorkie": "^2.0.0"
      }
    },
    "react": {
      "version": "file:../../node_modules/.pnpm/react@17.0.2/node_modules/react",
      "requires": {
        "loose-envify": "^1.1.0",
        "object-assign": "^4.1.1"
      }
    },
    "react-dom": {
      "version": "file:../../node_modules/.pnpm/react-dom@17.0.2_react@17.0.2/node_modules/react-dom",
      "requires": {
        "loose-envify": "^1.1.0",
        "object-assign": "^4.1.1",
        "scheduler": "^0.20.2"
      }
    },
    "react-icons": {
      "version": "file:../../node_modules/.pnpm/react-icons@4.2.0_react@17.0.2/node_modules/react-icons",
      "requires": {}
    },
    "react-transition-group": {
      "version": "file:../../node_modules/.pnpm/react-transition-group@4.4.2_react-dom@17.0.2+react@17.0.2/node_modules/react-transition-group",
      "requires": {
        "@babel/runtime": "^7.5.5",
        "dom-helpers": "^5.0.1",
        "loose-envify": "^1.4.0",
        "prop-types": "^15.6.2"
      }
    },
    "styled-components": {
      "version": "file:../../node_modules/.pnpm/styled-components@5.3.0_react-dom@17.0.2+react@17.0.2/node_modules/styled-components",
      "requires": {
        "@babel/cli": "^7.0.0",
        "@babel/core": "^7.0.0",
        "@babel/helper-module-imports": "^7.0.0",
        "@babel/plugin-proposal-object-rest-spread": "^7.0.0",
        "@babel/preset-env": "^7.0.0",
        "@babel/preset-flow": "^7.0.0",
        "@babel/preset-react": "^7.0.0",
        "@babel/traverse": "^7.4.5",
        "@emotion/is-prop-valid": "^0.8.8",
        "@emotion/stylis": "^0.8.4",
        "@emotion/unitless": "^0.7.4",
        "babel-eslint": "^10.0.1",
        "babel-plugin-styled-components": ">= 1.12.0",
        "css-to-react-native": "^3.0.0",
        "eslint-plugin-flowtype": "^5.2.0",
        "eslint-plugin-import": "^2.22.0",
        "eslint-plugin-react": "^7.20.6",
        "flow-bin": "^0.132.0",
        "hoist-non-react-statics": "^3.0.0",
        "jest-serializer-html": "^7.0.0",
        "js-beautify": "^1.13.0",
        "prop-types": "^15.7.2",
        "react": "^16.8.6",
        "react-dom": "^16.8.6",
        "react-frame-component": "^4.0.2",
        "react-is": "^16.8.6",
        "react-native": "^0.63.4",
        "react-primitives": "^0.8.0",
        "react-test-renderer": "^16.8.6",
        "rollup": "^1.13.1",
        "rollup-plugin-babel": "^4.3.2",
        "rollup-plugin-terser": "^5.0.0",
        "shallowequal": "^1.1.0",
        "stylis-plugin-rtl": "^1.0.0",
        "supports-color": "^5.5.0"
      }
    },
    "typescript": {
      "version": "file:../../node_modules/.pnpm/typescript@4.3.5/node_modules/typescript",
      "requires": {
        "@octokit/rest": "latest",
        "@types/browserify": "latest",
        "@types/chai": "latest",
        "@types/convert-source-map": "latest",
        "@types/glob": "latest",
        "@types/gulp": "^4.0.5",
        "@types/gulp-concat": "latest",
        "@types/gulp-newer": "latest",
        "@types/gulp-rename": "0.0.33",
        "@types/gulp-sourcemaps": "0.0.32",
        "@types/jake": "latest",
        "@types/merge2": "latest",
        "@types/microsoft__typescript-etw": "latest",
        "@types/minimatch": "latest",
        "@types/minimist": "latest",
        "@types/mkdirp": "latest",
        "@types/mocha": "latest",
        "@types/ms": "latest",
        "@types/node": "latest",
        "@types/node-fetch": "^2.3.4",
        "@types/q": "latest",
        "@types/source-map-support": "latest",
        "@types/through2": "latest",
        "@types/xml2js": "^0.4.0",
        "@typescript-eslint/eslint-plugin": "^4.19.0",
        "@typescript-eslint/experimental-utils": "^4.19.0",
        "@typescript-eslint/parser": "^4.19.0",
        "async": "latest",
        "azure-devops-node-api": "^10.1.0",
        "browser-resolve": "^1.11.2",
        "browserify": "latest",
        "chai": "latest",
        "chalk": "latest",
        "convert-source-map": "latest",
        "del": "5.1.0",
        "diff": "^4.0.2",
        "eslint": "7.12.1",
        "eslint-formatter-autolinkable-stylish": "1.1.4",
        "eslint-plugin-import": "2.22.1",
        "eslint-plugin-jsdoc": "30.7.6",
        "eslint-plugin-no-null": "1.0.2",
        "fancy-log": "latest",
        "fs-extra": "^9.0.0",
        "glob": "latest",
        "gulp": "^4.0.0",
        "gulp-concat": "latest",
        "gulp-insert": "latest",
        "gulp-newer": "latest",
        "gulp-rename": "latest",
        "gulp-sourcemaps": "latest",
        "istanbul": "latest",
        "merge2": "latest",
        "minimist": "latest",
        "mkdirp": "latest",
        "mocha": "latest",
        "mocha-fivemat-progress-reporter": "latest",
        "ms": "latest",
        "node-fetch": "^2.6.0",
        "plugin-error": "latest",
        "pretty-hrtime": "^1.0.3",
        "prex": "^0.4.3",
        "q": "latest",
        "remove-internal": "^2.9.2",
        "source-map-support": "latest",
        "through2": "latest",
        "typescript": "^4.2.3",
        "vinyl": "latest",
        "vinyl-sourcemaps-apply": "latest",
        "xml2js": "^0.4.19"
      }
    }
  }
}
